
Microsoft Visual Studio Solution File, Format Version 12.00
# Visual Studio Version 16
VisualStudioVersion = 16.0.31605.320
MinimumVisualStudioVersion = 10.0.40219.1
Project("{FAE04EC0-301F-11D3-BF4B-00C04F79EFBC}") = "UnixcornTweakingUtility", "UnixcornTweakingUtility.csproj", "{89CC8B9F-83BF-4E62-8399-C69AA2D84261}"
EndProject
Global
	GlobalSection(SolutionConfigurationPlatforms) = preSolution
		Debug|Any CPU = Debug|Any CPU
		Debug|x64 = Debug|x64
		Release|Any CPU = Release|Any CPU
		Release|x64 = Release|x64
	EndGlobalSection
	GlobalSection(ProjectConfigurationPlatforms) = postSolution
		{89CC8B9F-83BF-4E62-8399-C69AA2D84261}.Debug|Any CPU.ActiveCfg = Debug|x64
		{89CC8B9F-83BF-4E62-8399-C69AA2D84261}.Debug|Any CPU.Build.0 = Debug|x64
		{89CC8B9F-83BF-4E62-8399-C69AA2D84261}.Debug|x64.ActiveCfg = Debug|x64
		{89CC8B9F-83BF-4E62-8399-C69AA2D84261}.Debug|x64.Build.0 = Debug|x64
		{89CC8B9F-83BF-4E62-8399-C69AA2D84261}.Release|Any CPU.ActiveCfg = Release|Any CPU
		{89CC8B9F-83BF-4E62-8399-C69AA2D84261}.Release|Any CPU.Build.0 = Release|Any CPU
		{89CC8B9F-83BF-4E62-8399-C69AA2D84261}.Release|x64.ActiveCfg = Release|x64
		{89CC8B9F-83BF-4E62-8399-C69AA2D84261}.Release|x64.Build.0 = Release|x64
	EndGlobalSection
	GlobalSection(SolutionProperties) = preSolution
		HideSolutionNode = FALSE
	EndGlobalSection
	GlobalSection(ExtensibilityGlobals) = postSolution
		SolutionGuid = {AAA28EC9-D64B-4F7D-B727-222A0F309995}
	EndGlobalSection
EndGlobal
